{
  "name": "y",
  "version": "1.0.0",
  "lockfileVersion": 3,
  "requires": true,
  "packages": {
    "": {
      "name": "y",
      "version": "1.0.0",
      "license": "ISC",
      "dependencies": {
        "mobile-number-tracker": "^3.4.5"
      }
    },
    "node_modules/mobile-number-tracker": {
      "version": "3.4.5",
      "resolved": "https://registry.npmjs.org/mobile-number-tracker/-/mobile-number-tracker-3.4.5.tgz",
      "integrity": "sha512-oXP1+98VzTQQKTQ4m8SGFflUyXQCgdjnBKD0LuYg/tD3HTHWGBfWxk+Y8CBqvXjhmlwGUpGWsjaUVsDzsrwWqg==",
      "bin": {
        "phone-tracker": "bin/cli.js"
      }
    }
  }
}
